
Microsoft Visual Studio Solution File, Format Version 12.00
# Visual Studio 15
VisualStudioVersion = 15.0.28307.102
MinimumVisualStudioVersion = 10.0.40219.1
Project("{FAE04EC0-301F-11D3-BF4B-00C04F79EFBC}") = "CodeAbbey", "CodeAbbey\CodeAbbey.csproj", "{8BE2E631-4497-454B-B9AE-F2ADED729576}"
EndProject
Project("{FAE04EC0-301F-11D3-BF4B-00C04F79EFBC}") = "ProblemN2SumInLoop", "ProblemN2SumInLoop\ProblemN2SumInLoop.csproj", "{B21D5B43-71B7-4BEA-9927-0BCB71B58CF1}"
EndProject
Project("{FAE04EC0-301F-11D3-BF4B-00C04F79EFBC}") = "ProblemN3SumsInLoop", "ProblemN3SumsInLoop\ProblemN3SumsInLoop.csproj", "{8E9128D0-A38C-4302-B01F-80A97D36214B}"
EndProject
Global
	GlobalSection(SolutionConfigurationPlatforms) = preSolution
		Debug|Any CPU = Debug|Any CPU
		Release|Any CPU = Release|Any CPU
	EndGlobalSection
	GlobalSection(ProjectConfigurationPlatforms) = postSolution
		{8BE2E631-4497-454B-B9AE-F2ADED729576}.Debug|Any CPU.ActiveCfg = Debug|Any CPU
		{8BE2E631-4497-454B-B9AE-F2ADED729576}.Debug|Any CPU.Build.0 = Debug|Any CPU
		{8BE2E631-4497-454B-B9AE-F2ADED729576}.Release|Any CPU.ActiveCfg = Release|Any CPU
		{8BE2E631-4497-454B-B9AE-F2ADED729576}.Release|Any CPU.Build.0 = Release|Any CPU
		{B21D5B43-71B7-4BEA-9927-0BCB71B58CF1}.Debug|Any CPU.ActiveCfg = Debug|Any CPU
		{B21D5B43-71B7-4BEA-9927-0BCB71B58CF1}.Debug|Any CPU.Build.0 = Debug|Any CPU
		{B21D5B43-71B7-4BEA-9927-0BCB71B58CF1}.Release|Any CPU.ActiveCfg = Release|Any CPU
		{B21D5B43-71B7-4BEA-9927-0BCB71B58CF1}.Release|Any CPU.Build.0 = Release|Any CPU
		{8E9128D0-A38C-4302-B01F-80A97D36214B}.Debug|Any CPU.ActiveCfg = Debug|Any CPU
		{8E9128D0-A38C-4302-B01F-80A97D36214B}.Debug|Any CPU.Build.0 = Debug|Any CPU
		{8E9128D0-A38C-4302-B01F-80A97D36214B}.Release|Any CPU.ActiveCfg = Release|Any CPU
		{8E9128D0-A38C-4302-B01F-80A97D36214B}.Release|Any CPU.Build.0 = Release|Any CPU
	EndGlobalSection
	GlobalSection(SolutionProperties) = preSolution
		HideSolutionNode = FALSE
	EndGlobalSection
	GlobalSection(ExtensibilityGlobals) = postSolution
		SolutionGuid = {462DE2AF-1432-4DD6-9D1F-4FA5E63DF51C}
	EndGlobalSection
EndGlobal
