
Microsoft Visual Studio Solution File, Format Version 12.00
# Visual Studio 15
VisualStudioVersion = 15.0.28307.102
MinimumVisualStudioVersion = 10.0.40219.1
Project("{9A19103F-16F7-4668-BE54-9A1E7A4F7556}") = "CodeAbbey", "CodeAbbey\CodeAbbey.csproj", "{8BE2E631-4497-454B-B9AE-F2ADED729576}"
EndProject
Project("{9A19103F-16F7-4668-BE54-9A1E7A4F7556}") = "ProblemN2SumInLoop", "ProblemN2SumInLoop\ProblemN2SumInLoop.csproj", "{B21D5B43-71B7-4BEA-9927-0BCB71B58CF1}"
EndProject
Project("{9A19103F-16F7-4668-BE54-9A1E7A4F7556}") = "ProblemN3SumsInLoop", "ProblemN3SumsInLoop\ProblemN3SumsInLoop.csproj", "{8E9128D0-A38C-4302-B01F-80A97D36214B}"
EndProject
Project("{9A19103F-16F7-4668-BE54-9A1E7A4F7556}") = "ProblemN4MinimumOfTwo", "ProblemN4MinimumOfTwo\ProblemN4MinimumOfTwo.csproj", "{764D0751-7473-439B-901F-5D35A79F612A}"
EndProject
Project("{9A19103F-16F7-4668-BE54-9A1E7A4F7556}") = "ProblemN5MinimumOfThree", "ProblemN5MinimumOfThree\ProblemN5MinimumOfThree.csproj", "{0B8EDF4F-DF6E-4364-944D-5B4F404001DE}"
EndProject
Project("{9A19103F-16F7-4668-BE54-9A1E7A4F7556}") = "ProblemN6Rounding", "ProblemN6Rounding\ProblemN6Rounding.csproj", "{CBCAE7E7-7F20-42B6-914C-243C5B8F6278}"
EndProject
Project("{9A19103F-16F7-4668-BE54-9A1E7A4F7556}") = "ProblemN7FahrenheitToCelsius", "ProblemN7FahrenheitToCelsius\ProblemN7FahrenheitToCelsius.csproj", "{A8374040-7F35-4198-84AD-1B853EBC9F70}"
EndProject
Project("{9A19103F-16F7-4668-BE54-9A1E7A4F7556}") = "ProblemN11SumOfDigits", "ProblemN11SumOfDigits\ProblemN11SumOfDigits.csproj", "{0A4AF315-7777-4B27-956A-6CBBFACE0E7C}"
EndProject
Project("{9A19103F-16F7-4668-BE54-9A1E7A4F7556}") = "ProblemN12ModuloAndTimeDifference", "ProblemN12ModuloAndTimeDifference\ProblemN12ModuloAndTimeDifference.csproj", "{EC3FCE5D-6601-4828-B219-9371AE6353BC}"
EndProject
Project("{9A19103F-16F7-4668-BE54-9A1E7A4F7556}") = "ProblemN13WeightedSumOfDigits", "ProblemN13WeightedSumOfDigits\ProblemN13WeightedSumOfDigits.csproj", "{7E919F98-2357-4D20-ADFE-6D4D8DDF81B1}"
EndProject
Project("{9A19103F-16F7-4668-BE54-9A1E7A4F7556}") = "ProblemN14ModularCalculator", "ProblemN14ModularCalculator\ProblemN14ModularCalculator.csproj", "{0F67CDF8-4F2D-4F51-BE3A-3307F63D68CC}"
EndProject
Project("{9A19103F-16F7-4668-BE54-9A1E7A4F7556}") = "ProblemN15MaximumOfArray", "ProblemN15MaximumOfArray\ProblemN15MaximumOfArray.csproj", "{91BFE4A4-DBE7-4B08-83DC-A964317343C1}"
EndProject
Project("{9A19103F-16F7-4668-BE54-9A1E7A4F7556}") = "ProblemN16AverageOfAnArray", "ProblemN16AverageOfAnArray\ProblemN16AverageOfAnArray.csproj", "{66C4E45C-3477-4A83-87DA-183913B48991}"
EndProject
Project("{9A19103F-16F7-4668-BE54-9A1E7A4F7556}") = "ProblemN17ArrayChecksum", "ProblemN17ArrayChecksum\ProblemN17ArrayChecksum.csproj", "{99A2C579-380A-46A1-88BB-B9FEFE12A366}"
EndProject
Project("{9A19103F-16F7-4668-BE54-9A1E7A4F7556}") = "ProblemN20VowelCount", "ProblemN20VowelCount\ProblemN20VowelCount.csproj", "{8B93D8EF-EBBA-4EE0-88E4-B1CECF2B2273}"
EndProject
Project("{9A19103F-16F7-4668-BE54-9A1E7A4F7556}") = "ProblemN21ArrayCounters", "ProblemN21ArrayCounters\ProblemN21ArrayCounters.csproj", "{E7488A50-5D22-4C2A-B947-2D7975F98887}"
EndProject
Project("{9A19103F-16F7-4668-BE54-9A1E7A4F7556}") = "ProblemN23BubbleInArray", "ProblemN23BubbleInArray\ProblemN23BubbleInArray.csproj", "{C7C0FA36-4E42-4367-B9F0-6C14AC87DA8A}"
EndProject
Project("{9A19103F-16F7-4668-BE54-9A1E7A4F7556}") = "ProblemN24NeumannsRandomGenerator", "ProblemN24NeumannsRandomGenerator\ProblemN24NeumannsRandomGenerator.csproj", "{BA6FA5C0-0BA3-4478-807F-1241C6122FF4}"
EndProject
Project("{9A19103F-16F7-4668-BE54-9A1E7A4F7556}") = "ProblemN26GreatestCommonDivisor", "ProblemN26GreatestCommonDivisor\ProblemN26GreatestCommonDivisor.csproj", "{FF91BC61-8546-4FCD-A6E9-D1384FBB774B}"
EndProject
Project("{FAE04EC0-301F-11D3-BF4B-00C04F79EFBC}") = "ProblemN27BubbleSort", "ProblemN27BubbleSort\ProblemN27BubbleSort.csproj", "{5FFC5067-A8B4-43F4-B639-E5BE48A95E4F}"
EndProject
Global
	GlobalSection(SolutionConfigurationPlatforms) = preSolution
		Debug|Any CPU = Debug|Any CPU
		Release|Any CPU = Release|Any CPU
	EndGlobalSection
	GlobalSection(ProjectConfigurationPlatforms) = postSolution
		{8BE2E631-4497-454B-B9AE-F2ADED729576}.Debug|Any CPU.ActiveCfg = Debug|Any CPU
		{8BE2E631-4497-454B-B9AE-F2ADED729576}.Debug|Any CPU.Build.0 = Debug|Any CPU
		{8BE2E631-4497-454B-B9AE-F2ADED729576}.Release|Any CPU.ActiveCfg = Release|Any CPU
		{8BE2E631-4497-454B-B9AE-F2ADED729576}.Release|Any CPU.Build.0 = Release|Any CPU
		{B21D5B43-71B7-4BEA-9927-0BCB71B58CF1}.Debug|Any CPU.ActiveCfg = Debug|Any CPU
		{B21D5B43-71B7-4BEA-9927-0BCB71B58CF1}.Debug|Any CPU.Build.0 = Debug|Any CPU
		{B21D5B43-71B7-4BEA-9927-0BCB71B58CF1}.Release|Any CPU.ActiveCfg = Release|Any CPU
		{B21D5B43-71B7-4BEA-9927-0BCB71B58CF1}.Release|Any CPU.Build.0 = Release|Any CPU
		{8E9128D0-A38C-4302-B01F-80A97D36214B}.Debug|Any CPU.ActiveCfg = Debug|Any CPU
		{8E9128D0-A38C-4302-B01F-80A97D36214B}.Debug|Any CPU.Build.0 = Debug|Any CPU
		{8E9128D0-A38C-4302-B01F-80A97D36214B}.Release|Any CPU.ActiveCfg = Release|Any CPU
		{8E9128D0-A38C-4302-B01F-80A97D36214B}.Release|Any CPU.Build.0 = Release|Any CPU
		{764D0751-7473-439B-901F-5D35A79F612A}.Debug|Any CPU.ActiveCfg = Debug|Any CPU
		{764D0751-7473-439B-901F-5D35A79F612A}.Debug|Any CPU.Build.0 = Debug|Any CPU
		{764D0751-7473-439B-901F-5D35A79F612A}.Release|Any CPU.ActiveCfg = Release|Any CPU
		{764D0751-7473-439B-901F-5D35A79F612A}.Release|Any CPU.Build.0 = Release|Any CPU
		{0B8EDF4F-DF6E-4364-944D-5B4F404001DE}.Debug|Any CPU.ActiveCfg = Debug|Any CPU
		{0B8EDF4F-DF6E-4364-944D-5B4F404001DE}.Debug|Any CPU.Build.0 = Debug|Any CPU
		{0B8EDF4F-DF6E-4364-944D-5B4F404001DE}.Release|Any CPU.ActiveCfg = Release|Any CPU
		{0B8EDF4F-DF6E-4364-944D-5B4F404001DE}.Release|Any CPU.Build.0 = Release|Any CPU
		{CBCAE7E7-7F20-42B6-914C-243C5B8F6278}.Debug|Any CPU.ActiveCfg = Debug|Any CPU
		{CBCAE7E7-7F20-42B6-914C-243C5B8F6278}.Debug|Any CPU.Build.0 = Debug|Any CPU
		{CBCAE7E7-7F20-42B6-914C-243C5B8F6278}.Release|Any CPU.ActiveCfg = Release|Any CPU
		{CBCAE7E7-7F20-42B6-914C-243C5B8F6278}.Release|Any CPU.Build.0 = Release|Any CPU
		{A8374040-7F35-4198-84AD-1B853EBC9F70}.Debug|Any CPU.ActiveCfg = Debug|Any CPU
		{A8374040-7F35-4198-84AD-1B853EBC9F70}.Debug|Any CPU.Build.0 = Debug|Any CPU
		{A8374040-7F35-4198-84AD-1B853EBC9F70}.Release|Any CPU.ActiveCfg = Release|Any CPU
		{A8374040-7F35-4198-84AD-1B853EBC9F70}.Release|Any CPU.Build.0 = Release|Any CPU
		{0A4AF315-7777-4B27-956A-6CBBFACE0E7C}.Debug|Any CPU.ActiveCfg = Debug|Any CPU
		{0A4AF315-7777-4B27-956A-6CBBFACE0E7C}.Debug|Any CPU.Build.0 = Debug|Any CPU
		{0A4AF315-7777-4B27-956A-6CBBFACE0E7C}.Release|Any CPU.ActiveCfg = Release|Any CPU
		{0A4AF315-7777-4B27-956A-6CBBFACE0E7C}.Release|Any CPU.Build.0 = Release|Any CPU
		{EC3FCE5D-6601-4828-B219-9371AE6353BC}.Debug|Any CPU.ActiveCfg = Debug|Any CPU
		{EC3FCE5D-6601-4828-B219-9371AE6353BC}.Debug|Any CPU.Build.0 = Debug|Any CPU
		{EC3FCE5D-6601-4828-B219-9371AE6353BC}.Release|Any CPU.ActiveCfg = Release|Any CPU
		{EC3FCE5D-6601-4828-B219-9371AE6353BC}.Release|Any CPU.Build.0 = Release|Any CPU
		{7E919F98-2357-4D20-ADFE-6D4D8DDF81B1}.Debug|Any CPU.ActiveCfg = Debug|Any CPU
		{7E919F98-2357-4D20-ADFE-6D4D8DDF81B1}.Debug|Any CPU.Build.0 = Debug|Any CPU
		{7E919F98-2357-4D20-ADFE-6D4D8DDF81B1}.Release|Any CPU.ActiveCfg = Release|Any CPU
		{7E919F98-2357-4D20-ADFE-6D4D8DDF81B1}.Release|Any CPU.Build.0 = Release|Any CPU
		{0F67CDF8-4F2D-4F51-BE3A-3307F63D68CC}.Debug|Any CPU.ActiveCfg = Debug|Any CPU
		{0F67CDF8-4F2D-4F51-BE3A-3307F63D68CC}.Debug|Any CPU.Build.0 = Debug|Any CPU
		{0F67CDF8-4F2D-4F51-BE3A-3307F63D68CC}.Release|Any CPU.ActiveCfg = Release|Any CPU
		{0F67CDF8-4F2D-4F51-BE3A-3307F63D68CC}.Release|Any CPU.Build.0 = Release|Any CPU
		{91BFE4A4-DBE7-4B08-83DC-A964317343C1}.Debug|Any CPU.ActiveCfg = Debug|Any CPU
		{91BFE4A4-DBE7-4B08-83DC-A964317343C1}.Debug|Any CPU.Build.0 = Debug|Any CPU
		{91BFE4A4-DBE7-4B08-83DC-A964317343C1}.Release|Any CPU.ActiveCfg = Release|Any CPU
		{91BFE4A4-DBE7-4B08-83DC-A964317343C1}.Release|Any CPU.Build.0 = Release|Any CPU
		{66C4E45C-3477-4A83-87DA-183913B48991}.Debug|Any CPU.ActiveCfg = Debug|Any CPU
		{66C4E45C-3477-4A83-87DA-183913B48991}.Debug|Any CPU.Build.0 = Debug|Any CPU
		{66C4E45C-3477-4A83-87DA-183913B48991}.Release|Any CPU.ActiveCfg = Release|Any CPU
		{66C4E45C-3477-4A83-87DA-183913B48991}.Release|Any CPU.Build.0 = Release|Any CPU
		{99A2C579-380A-46A1-88BB-B9FEFE12A366}.Debug|Any CPU.ActiveCfg = Debug|Any CPU
		{99A2C579-380A-46A1-88BB-B9FEFE12A366}.Debug|Any CPU.Build.0 = Debug|Any CPU
		{99A2C579-380A-46A1-88BB-B9FEFE12A366}.Release|Any CPU.ActiveCfg = Release|Any CPU
		{99A2C579-380A-46A1-88BB-B9FEFE12A366}.Release|Any CPU.Build.0 = Release|Any CPU
		{8B93D8EF-EBBA-4EE0-88E4-B1CECF2B2273}.Debug|Any CPU.ActiveCfg = Debug|Any CPU
		{8B93D8EF-EBBA-4EE0-88E4-B1CECF2B2273}.Debug|Any CPU.Build.0 = Debug|Any CPU
		{8B93D8EF-EBBA-4EE0-88E4-B1CECF2B2273}.Release|Any CPU.ActiveCfg = Release|Any CPU
		{8B93D8EF-EBBA-4EE0-88E4-B1CECF2B2273}.Release|Any CPU.Build.0 = Release|Any CPU
		{E7488A50-5D22-4C2A-B947-2D7975F98887}.Debug|Any CPU.ActiveCfg = Debug|Any CPU
		{E7488A50-5D22-4C2A-B947-2D7975F98887}.Debug|Any CPU.Build.0 = Debug|Any CPU
		{E7488A50-5D22-4C2A-B947-2D7975F98887}.Release|Any CPU.ActiveCfg = Release|Any CPU
		{E7488A50-5D22-4C2A-B947-2D7975F98887}.Release|Any CPU.Build.0 = Release|Any CPU
		{C7C0FA36-4E42-4367-B9F0-6C14AC87DA8A}.Debug|Any CPU.ActiveCfg = Debug|Any CPU
		{C7C0FA36-4E42-4367-B9F0-6C14AC87DA8A}.Debug|Any CPU.Build.0 = Debug|Any CPU
		{C7C0FA36-4E42-4367-B9F0-6C14AC87DA8A}.Release|Any CPU.ActiveCfg = Release|Any CPU
		{C7C0FA36-4E42-4367-B9F0-6C14AC87DA8A}.Release|Any CPU.Build.0 = Release|Any CPU
		{BA6FA5C0-0BA3-4478-807F-1241C6122FF4}.Debug|Any CPU.ActiveCfg = Debug|Any CPU
		{BA6FA5C0-0BA3-4478-807F-1241C6122FF4}.Debug|Any CPU.Build.0 = Debug|Any CPU
		{BA6FA5C0-0BA3-4478-807F-1241C6122FF4}.Release|Any CPU.ActiveCfg = Release|Any CPU
		{BA6FA5C0-0BA3-4478-807F-1241C6122FF4}.Release|Any CPU.Build.0 = Release|Any CPU
		{FF91BC61-8546-4FCD-A6E9-D1384FBB774B}.Debug|Any CPU.ActiveCfg = Debug|Any CPU
		{FF91BC61-8546-4FCD-A6E9-D1384FBB774B}.Debug|Any CPU.Build.0 = Debug|Any CPU
		{FF91BC61-8546-4FCD-A6E9-D1384FBB774B}.Release|Any CPU.ActiveCfg = Release|Any CPU
		{FF91BC61-8546-4FCD-A6E9-D1384FBB774B}.Release|Any CPU.Build.0 = Release|Any CPU
		{5FFC5067-A8B4-43F4-B639-E5BE48A95E4F}.Debug|Any CPU.ActiveCfg = Debug|Any CPU
		{5FFC5067-A8B4-43F4-B639-E5BE48A95E4F}.Debug|Any CPU.Build.0 = Debug|Any CPU
		{5FFC5067-A8B4-43F4-B639-E5BE48A95E4F}.Release|Any CPU.ActiveCfg = Release|Any CPU
		{5FFC5067-A8B4-43F4-B639-E5BE48A95E4F}.Release|Any CPU.Build.0 = Release|Any CPU
	EndGlobalSection
	GlobalSection(SolutionProperties) = preSolution
		HideSolutionNode = FALSE
	EndGlobalSection
	GlobalSection(ExtensibilityGlobals) = postSolution
		SolutionGuid = {462DE2AF-1432-4DD6-9D1F-4FA5E63DF51C}
	EndGlobalSection
EndGlobal
